
Microsoft Visual Studio Solution File, Format Version 12.00
# Visual Studio Version 17
VisualStudioVersion = 17.0.31903.59
MinimumVisualStudioVersion = 10.0.40219.1
Project("{FAE04EC0-301F-11D3-BF4B-00C04F79EFBC}") = "SimpleBlog", "SimpleBlog\SimpleBlog.csproj", "{761146A7-3474-4907-B8BA-B9B22F30915D}"
EndProject
Project("{FAE04EC0-301F-11D3-BF4B-00C04F79EFBC}") = "SimpleBlog.test", "SimpleBlog.test\SimpleBlog.test.csproj", "{31530015-5092-4CDF-86DE-9B10536DE8DB}"
EndProject
Global
	GlobalSection(SolutionConfigurationPlatforms) = preSolution
		Debug|Any CPU = Debug|Any CPU
		Release|Any CPU = Release|Any CPU
	EndGlobalSection
	GlobalSection(SolutionProperties) = preSolution
		HideSolutionNode = FALSE
	EndGlobalSection
	GlobalSection(ProjectConfigurationPlatforms) = postSolution
		{761146A7-3474-4907-B8BA-B9B22F30915D}.Debug|Any CPU.ActiveCfg = Debug|Any CPU
		{761146A7-3474-4907-B8BA-B9B22F30915D}.Debug|Any CPU.Build.0 = Debug|Any CPU
		{761146A7-3474-4907-B8BA-B9B22F30915D}.Release|Any CPU.ActiveCfg = Release|Any CPU
		{761146A7-3474-4907-B8BA-B9B22F30915D}.Release|Any CPU.Build.0 = Release|Any CPU
		{31530015-5092-4CDF-86DE-9B10536DE8DB}.Debug|Any CPU.ActiveCfg = Debug|Any CPU
		{31530015-5092-4CDF-86DE-9B10536DE8DB}.Debug|Any CPU.Build.0 = Debug|Any CPU
		{31530015-5092-4CDF-86DE-9B10536DE8DB}.Release|Any CPU.ActiveCfg = Release|Any CPU
		{31530015-5092-4CDF-86DE-9B10536DE8DB}.Release|Any CPU.Build.0 = Release|Any CPU
	EndGlobalSection
EndGlobal
